
Microsoft Visual Studio Solution File, Format Version 12.00
# Visual Studio 2012
Project("{FAE04EC0-301F-11D3-BF4B-00C04F79EFBC}") = "UniversalNetwork", "UniversalNetwork\UniversalNetwork.csproj", "{4524BE6C-D871-42C2-A614-ADC6DBEA159B}"
EndProject
Project("{FAE04EC0-301F-11D3-BF4B-00C04F79EFBC}") = "Game", "Game\Game.csproj", "{BAFDE096-B762-493E-9E29-D1B6728870D0}"
EndProject
Project("{FAE04EC0-301F-11D3-BF4B-00C04F79EFBC}") = "LineFight", "LineFight\LineFight.csproj", "{7D2ABD89-CC75-400D-911C-0435E806A700}"
EndProject
Project("{FAE04EC0-301F-11D3-BF4B-00C04F79EFBC}") = "UniversalLobby", "UniversalLobby\UniversalLobby.csproj", "{EABEAC96-C69C-4F08-8CA2-344DFF4FEE7E}"
EndProject
Project("{FAE04EC0-301F-11D3-BF4B-00C04F79EFBC}") = "LineFightUnitTests", "LineFightUnitTests\LineFightUnitTests.csproj", "{B91645E8-F7BE-4F64-8A0B-4C83E5683582}"
EndProject
Global
	GlobalSection(SolutionConfigurationPlatforms) = preSolution
		Debug|Any CPU = Debug|Any CPU
		Debug|Mixed Platforms = Debug|Mixed Platforms
		Debug|x86 = Debug|x86
		Release|Any CPU = Release|Any CPU
		Release|Mixed Platforms = Release|Mixed Platforms
		Release|x86 = Release|x86
	EndGlobalSection
	GlobalSection(ProjectConfigurationPlatforms) = postSolution
		{4524BE6C-D871-42C2-A614-ADC6DBEA159B}.Debug|Any CPU.ActiveCfg = Debug|Any CPU
		{4524BE6C-D871-42C2-A614-ADC6DBEA159B}.Debug|Any CPU.Build.0 = Debug|Any CPU
		{4524BE6C-D871-42C2-A614-ADC6DBEA159B}.Debug|Mixed Platforms.ActiveCfg = Debug|Any CPU
		{4524BE6C-D871-42C2-A614-ADC6DBEA159B}.Debug|Mixed Platforms.Build.0 = Debug|Any CPU
		{4524BE6C-D871-42C2-A614-ADC6DBEA159B}.Debug|x86.ActiveCfg = Debug|Any CPU
		{4524BE6C-D871-42C2-A614-ADC6DBEA159B}.Release|Any CPU.ActiveCfg = Release|Any CPU
		{4524BE6C-D871-42C2-A614-ADC6DBEA159B}.Release|Any CPU.Build.0 = Release|Any CPU
		{4524BE6C-D871-42C2-A614-ADC6DBEA159B}.Release|Mixed Platforms.ActiveCfg = Release|Any CPU
		{4524BE6C-D871-42C2-A614-ADC6DBEA159B}.Release|Mixed Platforms.Build.0 = Release|Any CPU
		{4524BE6C-D871-42C2-A614-ADC6DBEA159B}.Release|x86.ActiveCfg = Release|Any CPU
		{BAFDE096-B762-493E-9E29-D1B6728870D0}.Debug|Any CPU.ActiveCfg = Debug|Any CPU
		{BAFDE096-B762-493E-9E29-D1B6728870D0}.Debug|Any CPU.Build.0 = Debug|Any CPU
		{BAFDE096-B762-493E-9E29-D1B6728870D0}.Debug|Mixed Platforms.ActiveCfg = Debug|Any CPU
		{BAFDE096-B762-493E-9E29-D1B6728870D0}.Debug|Mixed Platforms.Build.0 = Debug|Any CPU
		{BAFDE096-B762-493E-9E29-D1B6728870D0}.Debug|x86.ActiveCfg = Debug|Any CPU
		{BAFDE096-B762-493E-9E29-D1B6728870D0}.Release|Any CPU.ActiveCfg = Release|Any CPU
		{BAFDE096-B762-493E-9E29-D1B6728870D0}.Release|Any CPU.Build.0 = Release|Any CPU
		{BAFDE096-B762-493E-9E29-D1B6728870D0}.Release|Mixed Platforms.ActiveCfg = Release|Any CPU
		{BAFDE096-B762-493E-9E29-D1B6728870D0}.Release|Mixed Platforms.Build.0 = Release|Any CPU
		{BAFDE096-B762-493E-9E29-D1B6728870D0}.Release|x86.ActiveCfg = Release|Any CPU
		{7D2ABD89-CC75-400D-911C-0435E806A700}.Debug|Any CPU.ActiveCfg = Debug|Any CPU
		{7D2ABD89-CC75-400D-911C-0435E806A700}.Debug|Any CPU.Build.0 = Debug|Any CPU
		{7D2ABD89-CC75-400D-911C-0435E806A700}.Debug|Mixed Platforms.ActiveCfg = Debug|Any CPU
		{7D2ABD89-CC75-400D-911C-0435E806A700}.Debug|Mixed Platforms.Build.0 = Debug|Any CPU
		{7D2ABD89-CC75-400D-911C-0435E806A700}.Debug|x86.ActiveCfg = Debug|Any CPU
		{7D2ABD89-CC75-400D-911C-0435E806A700}.Release|Any CPU.ActiveCfg = Release|Any CPU
		{7D2ABD89-CC75-400D-911C-0435E806A700}.Release|Any CPU.Build.0 = Release|Any CPU
		{7D2ABD89-CC75-400D-911C-0435E806A700}.Release|Mixed Platforms.ActiveCfg = Release|Any CPU
		{7D2ABD89-CC75-400D-911C-0435E806A700}.Release|Mixed Platforms.Build.0 = Release|Any CPU
		{7D2ABD89-CC75-400D-911C-0435E806A700}.Release|x86.ActiveCfg = Release|Any CPU
		{EABEAC96-C69C-4F08-8CA2-344DFF4FEE7E}.Debug|Any CPU.ActiveCfg = Debug|Any CPU
		{EABEAC96-C69C-4F08-8CA2-344DFF4FEE7E}.Debug|Any CPU.Build.0 = Debug|Any CPU
		{EABEAC96-C69C-4F08-8CA2-344DFF4FEE7E}.Debug|Mixed Platforms.ActiveCfg = Debug|Any CPU
		{EABEAC96-C69C-4F08-8CA2-344DFF4FEE7E}.Debug|Mixed Platforms.Build.0 = Debug|Any CPU
		{EABEAC96-C69C-4F08-8CA2-344DFF4FEE7E}.Debug|x86.ActiveCfg = Debug|Any CPU
		{EABEAC96-C69C-4F08-8CA2-344DFF4FEE7E}.Release|Any CPU.ActiveCfg = Release|Any CPU
		{EABEAC96-C69C-4F08-8CA2-344DFF4FEE7E}.Release|Any CPU.Build.0 = Release|Any CPU
		{EABEAC96-C69C-4F08-8CA2-344DFF4FEE7E}.Release|Mixed Platforms.ActiveCfg = Release|Any CPU
		{EABEAC96-C69C-4F08-8CA2-344DFF4FEE7E}.Release|Mixed Platforms.Build.0 = Release|Any CPU
		{EABEAC96-C69C-4F08-8CA2-344DFF4FEE7E}.Release|x86.ActiveCfg = Release|Any CPU
		{B91645E8-F7BE-4F64-8A0B-4C83E5683582}.Debug|Any CPU.ActiveCfg = Debug|Any CPU
		{B91645E8-F7BE-4F64-8A0B-4C83E5683582}.Debug|Any CPU.Build.0 = Debug|Any CPU
		{B91645E8-F7BE-4F64-8A0B-4C83E5683582}.Debug|Mixed Platforms.ActiveCfg = Debug|Any CPU
		{B91645E8-F7BE-4F64-8A0B-4C83E5683582}.Debug|Mixed Platforms.Build.0 = Debug|Any CPU
		{B91645E8-F7BE-4F64-8A0B-4C83E5683582}.Debug|x86.ActiveCfg = Debug|Any CPU
		{B91645E8-F7BE-4F64-8A0B-4C83E5683582}.Release|Any CPU.ActiveCfg = Release|Any CPU
		{B91645E8-F7BE-4F64-8A0B-4C83E5683582}.Release|Any CPU.Build.0 = Release|Any CPU
		{B91645E8-F7BE-4F64-8A0B-4C83E5683582}.Release|Mixed Platforms.ActiveCfg = Release|Any CPU
		{B91645E8-F7BE-4F64-8A0B-4C83E5683582}.Release|Mixed Platforms.Build.0 = Release|Any CPU
		{B91645E8-F7BE-4F64-8A0B-4C83E5683582}.Release|x86.ActiveCfg = Release|Any CPU
	EndGlobalSection
	GlobalSection(SolutionProperties) = preSolution
		HideSolutionNode = FALSE
	EndGlobalSection
EndGlobal
